{
  "name": "@savant/chrome",
  "version": "1.0.1",
  "lockfileVersion": 2,
  "requires": true,
  "packages": {
    "": {
      "name": "@savant/chrome",
      "version": "1.0.1",
      "license": "ISC",
      "dependencies": {
        "@savant/ws-middleware": "^1.0.3"
      }
    },
    "node_modules/@savant/ws-middleware": {
      "version": "1.0.3",
      "resolved": "https://registry.npmjs.org/@savant/ws-middleware/-/ws-middleware-1.0.3.tgz",
      "integrity": "sha512-q8QHjVaxhH5/uAGCKRw7S60W8EdSFCYSgekppdEVsVAUEs93jEKLhHrJ4HJMb7sqZ7toITLcPbK6IkIJG9yUpQ=="
    }
  },
  "dependencies": {
    "@savant/ws-middleware": {
      "version": "1.0.3",
      "resolved": "https://registry.npmjs.org/@savant/ws-middleware/-/ws-middleware-1.0.3.tgz",
      "integrity": "sha512-q8QHjVaxhH5/uAGCKRw7S60W8EdSFCYSgekppdEVsVAUEs93jEKLhHrJ4HJMb7sqZ7toITLcPbK6IkIJG9yUpQ=="
    }
  }
}
